
Microsoft Visual Studio Solution File, Format Version 12.00
# Visual Studio Version 16
VisualStudioVersion = 16.0.32228.343
MinimumVisualStudioVersion = 10.0.40219.1
Project("{FAE04EC0-301F-11D3-BF4B-00C04F79EFBC}") = "PlanTech.Android", "PlanTech.Android\PlanTech.Android.csproj", "{C26530BA-0403-4F40-9106-C26E839531E6}"
EndProject
Project("{FAE04EC0-301F-11D3-BF4B-00C04F79EFBC}") = "PlanTech.iOS", "PlanTech.iOS\PlanTech.iOS.csproj", "{79BE4526-B04A-42D7-AE69-1D05F1AFDF06}"
EndProject
Project("{FAE04EC0-301F-11D3-BF4B-00C04F79EFBC}") = "PlanTech", "PlanTech\PlanTech.csproj", "{A1A71AEE-264C-4CF9-8D95-C4BFE9013929}"
EndProject
Global
	GlobalSection(SolutionConfigurationPlatforms) = preSolution
		Debug|Any CPU = Debug|Any CPU
		Debug|iPhone = Debug|iPhone
		Debug|iPhoneSimulator = Debug|iPhoneSimulator
		Release|Any CPU = Release|Any CPU
		Release|iPhone = Release|iPhone
		Release|iPhoneSimulator = Release|iPhoneSimulator
	EndGlobalSection
	GlobalSection(ProjectConfigurationPlatforms) = postSolution
		{C26530BA-0403-4F40-9106-C26E839531E6}.Debug|Any CPU.ActiveCfg = Debug|Any CPU
		{C26530BA-0403-4F40-9106-C26E839531E6}.Debug|Any CPU.Build.0 = Debug|Any CPU
		{C26530BA-0403-4F40-9106-C26E839531E6}.Debug|Any CPU.Deploy.0 = Debug|Any CPU
		{C26530BA-0403-4F40-9106-C26E839531E6}.Debug|iPhone.ActiveCfg = Debug|Any CPU
		{C26530BA-0403-4F40-9106-C26E839531E6}.Debug|iPhone.Build.0 = Debug|Any CPU
		{C26530BA-0403-4F40-9106-C26E839531E6}.Debug|iPhone.Deploy.0 = Debug|Any CPU
		{C26530BA-0403-4F40-9106-C26E839531E6}.Debug|iPhoneSimulator.ActiveCfg = Debug|Any CPU
		{C26530BA-0403-4F40-9106-C26E839531E6}.Debug|iPhoneSimulator.Build.0 = Debug|Any CPU
		{C26530BA-0403-4F40-9106-C26E839531E6}.Debug|iPhoneSimulator.Deploy.0 = Debug|Any CPU
		{C26530BA-0403-4F40-9106-C26E839531E6}.Release|Any CPU.ActiveCfg = Release|Any CPU
		{C26530BA-0403-4F40-9106-C26E839531E6}.Release|Any CPU.Build.0 = Release|Any CPU
		{C26530BA-0403-4F40-9106-C26E839531E6}.Release|Any CPU.Deploy.0 = Release|Any CPU
		{C26530BA-0403-4F40-9106-C26E839531E6}.Release|iPhone.ActiveCfg = Release|Any CPU
		{C26530BA-0403-4F40-9106-C26E839531E6}.Release|iPhone.Build.0 = Release|Any CPU
		{C26530BA-0403-4F40-9106-C26E839531E6}.Release|iPhone.Deploy.0 = Release|Any CPU
		{C26530BA-0403-4F40-9106-C26E839531E6}.Release|iPhoneSimulator.ActiveCfg = Release|Any CPU
		{C26530BA-0403-4F40-9106-C26E839531E6}.Release|iPhoneSimulator.Build.0 = Release|Any CPU
		{C26530BA-0403-4F40-9106-C26E839531E6}.Release|iPhoneSimulator.Deploy.0 = Release|Any CPU
		{79BE4526-B04A-42D7-AE69-1D05F1AFDF06}.Debug|Any CPU.ActiveCfg = Debug|iPhone
		{79BE4526-B04A-42D7-AE69-1D05F1AFDF06}.Debug|Any CPU.Build.0 = Debug|iPhone
		{79BE4526-B04A-42D7-AE69-1D05F1AFDF06}.Debug|Any CPU.Deploy.0 = Debug|iPhone
		{79BE4526-B04A-42D7-AE69-1D05F1AFDF06}.Debug|iPhone.ActiveCfg = Debug|iPhone
		{79BE4526-B04A-42D7-AE69-1D05F1AFDF06}.Debug|iPhone.Build.0 = Debug|iPhone
		{79BE4526-B04A-42D7-AE69-1D05F1AFDF06}.Debug|iPhone.Deploy.0 = Debug|iPhone
		{79BE4526-B04A-42D7-AE69-1D05F1AFDF06}.Debug|iPhoneSimulator.ActiveCfg = Debug|iPhoneSimulator
		{79BE4526-B04A-42D7-AE69-1D05F1AFDF06}.Debug|iPhoneSimulator.Build.0 = Debug|iPhoneSimulator
		{79BE4526-B04A-42D7-AE69-1D05F1AFDF06}.Debug|iPhoneSimulator.Deploy.0 = Debug|iPhoneSimulator
		{79BE4526-B04A-42D7-AE69-1D05F1AFDF06}.Release|Any CPU.ActiveCfg = Release|iPhoneSimulator
		{79BE4526-B04A-42D7-AE69-1D05F1AFDF06}.Release|Any CPU.Build.0 = Release|iPhoneSimulator
		{79BE4526-B04A-42D7-AE69-1D05F1AFDF06}.Release|Any CPU.Deploy.0 = Release|iPhoneSimulator
		{79BE4526-B04A-42D7-AE69-1D05F1AFDF06}.Release|iPhone.ActiveCfg = Release|iPhone
		{79BE4526-B04A-42D7-AE69-1D05F1AFDF06}.Release|iPhone.Build.0 = Release|iPhone
		{79BE4526-B04A-42D7-AE69-1D05F1AFDF06}.Release|iPhone.Deploy.0 = Release|iPhone
		{79BE4526-B04A-42D7-AE69-1D05F1AFDF06}.Release|iPhoneSimulator.ActiveCfg = Release|iPhoneSimulator
		{79BE4526-B04A-42D7-AE69-1D05F1AFDF06}.Release|iPhoneSimulator.Build.0 = Release|iPhoneSimulator
		{79BE4526-B04A-42D7-AE69-1D05F1AFDF06}.Release|iPhoneSimulator.Deploy.0 = Release|iPhoneSimulator
		{A1A71AEE-264C-4CF9-8D95-C4BFE9013929}.Debug|Any CPU.ActiveCfg = Debug|Any CPU
		{A1A71AEE-264C-4CF9-8D95-C4BFE9013929}.Debug|Any CPU.Build.0 = Debug|Any CPU
		{A1A71AEE-264C-4CF9-8D95-C4BFE9013929}.Debug|Any CPU.Deploy.0 = Debug|Any CPU
		{A1A71AEE-264C-4CF9-8D95-C4BFE9013929}.Debug|iPhone.ActiveCfg = Debug|Any CPU
		{A1A71AEE-264C-4CF9-8D95-C4BFE9013929}.Debug|iPhone.Build.0 = Debug|Any CPU
		{A1A71AEE-264C-4CF9-8D95-C4BFE9013929}.Debug|iPhone.Deploy.0 = Debug|Any CPU
		{A1A71AEE-264C-4CF9-8D95-C4BFE9013929}.Debug|iPhoneSimulator.ActiveCfg = Debug|Any CPU
		{A1A71AEE-264C-4CF9-8D95-C4BFE9013929}.Debug|iPhoneSimulator.Build.0 = Debug|Any CPU
		{A1A71AEE-264C-4CF9-8D95-C4BFE9013929}.Debug|iPhoneSimulator.Deploy.0 = Debug|Any CPU
		{A1A71AEE-264C-4CF9-8D95-C4BFE9013929}.Release|Any CPU.ActiveCfg = Release|Any CPU
		{A1A71AEE-264C-4CF9-8D95-C4BFE9013929}.Release|Any CPU.Build.0 = Release|Any CPU
		{A1A71AEE-264C-4CF9-8D95-C4BFE9013929}.Release|Any CPU.Deploy.0 = Release|Any CPU
		{A1A71AEE-264C-4CF9-8D95-C4BFE9013929}.Release|iPhone.ActiveCfg = Release|Any CPU
		{A1A71AEE-264C-4CF9-8D95-C4BFE9013929}.Release|iPhone.Build.0 = Release|Any CPU
		{A1A71AEE-264C-4CF9-8D95-C4BFE9013929}.Release|iPhone.Deploy.0 = Release|Any CPU
		{A1A71AEE-264C-4CF9-8D95-C4BFE9013929}.Release|iPhoneSimulator.ActiveCfg = Release|Any CPU
		{A1A71AEE-264C-4CF9-8D95-C4BFE9013929}.Release|iPhoneSimulator.Build.0 = Release|Any CPU
		{A1A71AEE-264C-4CF9-8D95-C4BFE9013929}.Release|iPhoneSimulator.Deploy.0 = Release|Any CPU
	EndGlobalSection
	GlobalSection(SolutionProperties) = preSolution
		HideSolutionNode = FALSE
	EndGlobalSection
	GlobalSection(ExtensibilityGlobals) = postSolution
		SolutionGuid = {B2C7CF55-F3EE-4D5F-B818-3BC415B8A83F}
	EndGlobalSection
EndGlobal
